
Microsoft Visual Studio Solution File, Format Version 12.00
# Visual Studio 14
VisualStudioVersion = 14.0.24720.0
MinimumVisualStudioVersion = 10.0.40219.1
Project("{FAE04EC0-301F-11D3-BF4B-00C04F79EFBC}") = "CliWallet", "CliWallet\CliWallet.csproj", "{D08CCE08-0817-46B7-BB28-54F2BF1AC287}"
EndProject
Project("{FAE04EC0-301F-11D3-BF4B-00C04F79EFBC}") = "CliWallet.Tests", "CliWallet.Tests\CliWallet.Tests.csproj", "{475B1122-90EB-4305-A4A0-D802CA23003F}"
EndProject
Project("{FAE04EC0-301F-11D3-BF4B-00C04F79EFBC}") = "CliWallet.RippleRest", "CliWallet.RippleRest\CliWallet.RippleRest.csproj", "{86872F0C-7F1A-41E8-805A-9588D1DA322C}"
EndProject
Project("{FAE04EC0-301F-11D3-BF4B-00C04F79EFBC}") = "CliWallet.RippleRest.Tests", "CliWallet.RippleRest.Tests\CliWallet.RippleRest.Tests.csproj", "{582E6C19-FF10-4941-AE19-D236AB8DF252}"
EndProject
Project("{2150E333-8FDC-42A3-9474-1A3956D46DE8}") = "Solution Items", "Solution Items", "{5B34AB2B-F049-4B6C-B07C-0CC8A64FB3E5}"
	ProjectSection(SolutionItems) = preProject
		LICENSE = LICENSE
		README.md = README.md
	EndProjectSection
EndProject
Global
	GlobalSection(SolutionConfigurationPlatforms) = preSolution
		Debug|Any CPU = Debug|Any CPU
		Release|Any CPU = Release|Any CPU
	EndGlobalSection
	GlobalSection(ProjectConfigurationPlatforms) = postSolution
		{D08CCE08-0817-46B7-BB28-54F2BF1AC287}.Debug|Any CPU.ActiveCfg = Debug|Any CPU
		{D08CCE08-0817-46B7-BB28-54F2BF1AC287}.Debug|Any CPU.Build.0 = Debug|Any CPU
		{D08CCE08-0817-46B7-BB28-54F2BF1AC287}.Release|Any CPU.ActiveCfg = Release|Any CPU
		{D08CCE08-0817-46B7-BB28-54F2BF1AC287}.Release|Any CPU.Build.0 = Release|Any CPU
		{475B1122-90EB-4305-A4A0-D802CA23003F}.Debug|Any CPU.ActiveCfg = Debug|Any CPU
		{475B1122-90EB-4305-A4A0-D802CA23003F}.Debug|Any CPU.Build.0 = Debug|Any CPU
		{475B1122-90EB-4305-A4A0-D802CA23003F}.Release|Any CPU.ActiveCfg = Release|Any CPU
		{475B1122-90EB-4305-A4A0-D802CA23003F}.Release|Any CPU.Build.0 = Release|Any CPU
		{86872F0C-7F1A-41E8-805A-9588D1DA322C}.Debug|Any CPU.ActiveCfg = Debug|Any CPU
		{86872F0C-7F1A-41E8-805A-9588D1DA322C}.Debug|Any CPU.Build.0 = Debug|Any CPU
		{86872F0C-7F1A-41E8-805A-9588D1DA322C}.Release|Any CPU.ActiveCfg = Release|Any CPU
		{86872F0C-7F1A-41E8-805A-9588D1DA322C}.Release|Any CPU.Build.0 = Release|Any CPU
		{582E6C19-FF10-4941-AE19-D236AB8DF252}.Debug|Any CPU.ActiveCfg = Debug|Any CPU
		{582E6C19-FF10-4941-AE19-D236AB8DF252}.Debug|Any CPU.Build.0 = Debug|Any CPU
		{582E6C19-FF10-4941-AE19-D236AB8DF252}.Release|Any CPU.ActiveCfg = Release|Any CPU
		{582E6C19-FF10-4941-AE19-D236AB8DF252}.Release|Any CPU.Build.0 = Release|Any CPU
	EndGlobalSection
	GlobalSection(SolutionProperties) = preSolution
		HideSolutionNode = FALSE
	EndGlobalSection
EndGlobal
